PATH
  remote: .
  specs:
    neb (0.1.0)
      activesupport (~> 5)
      base58 (~> 0.2)
      bitcoin-secp256k1 (~> 0.4)
      ffi (~> 1.9)
      google-protobuf (~> 3.5)
      rest-client (~> 2.0)
      scrypt (~> 3.0)
      sha3 (~> 1.0)

GEM
  remote: https://gems.ruby-china.org/
  specs:
    activesupport (5.2.0)
      concurrent-ruby (~> 1.0, >= 1.0.2)
      i18n (>= 0.7, < 2)
      minitest (~> 5.1)
      tzinfo (~> 1.1)
    base58 (0.2.3)
    bitcoin-secp256k1 (0.4.0)
      ffi (>= 1.9.10)
    coderay (1.1.2)
    concurrent-ruby (1.0.5)
    domain_name (0.5.20180417)
      unf (>= 0.0.5, < 1.0.0)
    ffi (1.9.25)
    ffi-compiler (1.0.1)
      ffi (>= 1.0.0)
      rake
    google-protobuf (3.5.1.2)
    http-cookie (1.0.3)
      domain_name (~> 0.5)
    i18n (1.0.1)
      concurrent-ruby (~> 1.0)
    method_source (0.9.0)
    mime-types (3.1)
      mime-types-data (~> 3.2015)
    mime-types-data (3.2016.0521)
    minitest (5.11.3)
    netrc (0.11.0)
    pry (0.11.3)
      coderay (~> 1.1.0)
      method_source (~> 0.9.0)
    rake (10.5.0)
    rest-client (2.0.2)
      http-cookie (>= 1.0.2, < 2.0)
      mime-types (>= 1.16, < 4.0)
      netrc (~> 0.8)
    scrypt (3.0.5)
      ffi-compiler (>= 1.0, < 2.0)
    sha3 (1.0.1)
    thread_safe (0.3.6)
    tzinfo (1.2.5)
      thread_safe (~> 0.1)
    unf (0.1.4)
      unf_ext
    unf_ext (0.0.7.5)

PLATFORMS
  ruby

DEPENDENCIES
  bundler (~> 1.16)
  minitest (~> 5.0)
  neb!
  pry (~> 0.11)
  rake (~> 10.0)

BUNDLED WITH
   1.16.1
